
Microsoft Visual Studio Solution File, Format Version 12.00
# Visual Studio Version 17
VisualStudioVersion = 17.14.36408.4
MinimumVisualStudioVersion = 10.0.40219.1
Project("{2150E333-8FDC-42A3-9474-1A3956D46DE8}") = "apps", "apps", "{4E0FA779-3657-45C9-8930-E3303C985ED0}"
EndProject
Project("{2150E333-8FDC-42A3-9474-1A3956D46DE8}") = "libs", "libs", "{030E4608-D11E-4E8E-A0FA-9401FE2C5A8D}"
EndProject
Project("{2150E333-8FDC-42A3-9474-1A3956D46DE8}") = "tests", "tests", "{846D410F-96D4-431F-9353-BC8BD18CB5F8}"
EndProject
Project("{2150E333-8FDC-42A3-9474-1A3956D46DE8}") = "infra", "infra", "{9BC84267-3708-4FF2-AB71-D94977C53600}"
EndProject
Project("{2150E333-8FDC-42A3-9474-1A3956D46DE8}") = "docs", "docs", "{6C43BBBB-FA17-420D-8A37-D19D747FD3A4}"
EndProject
Project("{2150E333-8FDC-42A3-9474-1A3956D46DE8}") = "tools", "tools", "{A80CABA1-983B-421F-BCC0-30A4C725C9FD}"
EndProject
Project("{2150E333-8FDC-42A3-9474-1A3956D46DE8}") = "gate", "gate", "{E635B320-C124-452E-9647-92BCDBC8B0B6}"
EndProject
Project("{2150E333-8FDC-42A3-9474-1A3956D46DE8}") = "hub", "hub", "{6C74BC71-BE15-40D8-9F4A-5344CEC99045}"
EndProject
Project("{2150E333-8FDC-42A3-9474-1A3956D46DE8}") = "keep", "keep", "{EC70C9E4-D96F-4E98-82EF-AA523ED982B7}"
EndProject
Project("{2150E333-8FDC-42A3-9474-1A3956D46DE8}") = "sense", "sense", "{BC449791-41E8-438C-A3A0-CB4ED3626DEB}"
EndProject
Project("{2150E333-8FDC-42A3-9474-1A3956D46DE8}") = "src", "src", "{E94B0D5E-1B12-4A21-9781-6FCB000E6F62}"
EndProject
Project("{2150E333-8FDC-42A3-9474-1A3956D46DE8}") = "src", "src", "{D72E518E-C722-4C80-A127-31994BAE79B0}"
EndProject
Project("{2150E333-8FDC-42A3-9474-1A3956D46DE8}") = "src", "src", "{8E34F469-9704-4804-906E-F6B76E161392}"
EndProject
Project("{2150E333-8FDC-42A3-9474-1A3956D46DE8}") = "src", "src", "{BAE8665B-6C51-48A6-A2E4-3A7F523A6688}"
EndProject
Project("{FAE04EC0-301F-11D3-BF4B-00C04F79EFBC}") = "Qorpe.Gate.Contracts", "apps\gate\src\Qorpe.Gate.Contracts\Qorpe.Gate.Contracts.csproj", "{86627F4E-97C9-480D-BEBF-B89B7DBFBF85}"
EndProject
Project("{FAE04EC0-301F-11D3-BF4B-00C04F79EFBC}") = "Qorpe.Gate.Infrastructure", "apps\gate\src\ Qorpe.Gate.Infrastructure\Qorpe.Gate.Infrastructure.csproj", "{4AEEEE2A-20EB-4A38-9D14-0220A34CB3A1}"
EndProject
Project("{FAE04EC0-301F-11D3-BF4B-00C04F79EFBC}") = "Qorpe.Gate.Application", "apps\gate\src\Qorpe.Gate.Application\Qorpe.Gate.Application.csproj", "{506FD5D5-54AE-4E37-A8F1-0E533A51FA70}"
EndProject
Project("{FAE04EC0-301F-11D3-BF4B-00C04F79EFBC}") = "Qorpe.Gate.Host", "apps\gate\src\Qorpe.Gate.Host\Qorpe.Gate.Host.csproj", "{AE8BDF2F-53B1-4C5D-BE81-0EE34F287A7D}"
EndProject
Project("{2150E333-8FDC-42A3-9474-1A3956D46DE8}") = "building-blocks", "building-blocks", "{DC646658-854B-4A1F-99F3-AA7B750939FB}"
EndProject
Project("{2150E333-8FDC-42A3-9474-1A3956D46DE8}") = "aspire", "aspire", "{6053F9F3-3F7C-42B2-B223-EFD768864CE0}"
EndProject
Project("{2150E333-8FDC-42A3-9474-1A3956D46DE8}") = "src", "src", "{1C62AE23-A901-4EF6-A821-21AA4D9EB60D}"
EndProject
Project("{FAE04EC0-301F-11D3-BF4B-00C04F79EFBC}") = "Qorpe.Aspire.Host", "apps\aspire\src\Qorpe.Aspire.Host\Qorpe.Aspire.Host.csproj", "{87ECC97D-1E1F-49E5-AC49-F05224394C08}"
EndProject
Project("{FAE04EC0-301F-11D3-BF4B-00C04F79EFBC}") = "Qorpe.Aspire.ServiceDefaults", "apps\aspire\src\Qorpe.Aspire.ServiceDefaults\Qorpe.Aspire.ServiceDefaults.csproj", "{E9397821-36E3-46FE-A634-9D070818B2D8}"
EndProject
Project("{2150E333-8FDC-42A3-9474-1A3956D46DE8}") = "sdk", "sdk", "{B5E0AFFB-1813-4A79-BBD4-CA0A16FFEB0C}"
EndProject
Project("{54A90642-561A-4BB1-A94E-469ADEE60C69}") = "console", "apps\console\console.esproj", "{F96F0C78-BD2C-10D7-60B6-7A1D3CC05733}"
EndProject
Project("{2150E333-8FDC-42A3-9474-1A3956D46DE8}") = "scheduler", "scheduler", "{5AC2B1C2-2AB6-425A-81DB-8E1D65BFEBF7}"
EndProject
Project("{2150E333-8FDC-42A3-9474-1A3956D46DE8}") = "src", "src", "{A865B545-DA10-42DC-A86D-792DAA3663D6}"
EndProject
Project("{FAE04EC0-301F-11D3-BF4B-00C04F79EFBC}") = "Qorpe.Scheduler.Infrastructure", "apps\scheduler\src\Qorpe.Scheduler.Infrastructure\Qorpe.Scheduler.Infrastructure.csproj", "{06C410DE-988A-4EFB-B3A6-243E4964BDB3}"
EndProject
Project("{FAE04EC0-301F-11D3-BF4B-00C04F79EFBC}") = "Qorpe.Scheduler.Application", "apps\scheduler\src\Qorpe.Scheduler.Application\Qorpe.Scheduler.Application.csproj", "{B52CD17A-3B5E-4E5C-9599-F9E3D711473A}"
EndProject
Project("{FAE04EC0-301F-11D3-BF4B-00C04F79EFBC}") = "Qorpe.Scheduler.Contracts", "apps\scheduler\src\Qorpe.Scheduler.Contracts\Qorpe.Scheduler.Contracts.csproj", "{AA4FA5F7-2340-48CE-A5EE-0454460B4BD8}"
EndProject
Project("{FAE04EC0-301F-11D3-BF4B-00C04F79EFBC}") = "Qorpe.Scheduler.Host", "apps\scheduler\src\Qorpe.Scheduler.Host\Qorpe.Scheduler.Host.csproj", "{4A9F62E1-8269-4B6A-81FA-B1BC404C53F4}"
EndProject
Project("{FAE04EC0-301F-11D3-BF4B-00C04F79EFBC}") = "Qorpe.Hub.Host", "apps\hub\src\Qorpe.Hub.Host\Qorpe.Hub.Host.csproj", "{3AA23EC8-7C3A-437A-86D5-41993956A2F8}"
EndProject
Project("{FAE04EC0-301F-11D3-BF4B-00C04F79EFBC}") = "Qorpe.Hub.Contracts", "apps\hub\src\Qorpe.Hub.Contracts\Qorpe.Hub.Contracts.csproj", "{42157735-431B-4F99-8286-99CE4EC727ED}"
EndProject
Project("{FAE04EC0-301F-11D3-BF4B-00C04F79EFBC}") = "Qorpe.Hub.Application", "apps\hub\src\Qorpe.Hub.Application\Qorpe.Hub.Application.csproj", "{A763F817-FC82-4CFC-A2A0-A8F9ADC19B5B}"
EndProject
Project("{FAE04EC0-301F-11D3-BF4B-00C04F79EFBC}") = "Qorpe.Hub.Infrastructure", "apps\hub\src\Qorpe.Hub.Infrastructure\Qorpe.Hub.Infrastructure.csproj", "{4FE71B07-4951-40D6-9FD2-161993DC6D8B}"
EndProject
Project("{FAE04EC0-301F-11D3-BF4B-00C04F79EFBC}") = "Qorpe.Hub.Domain", "apps\hub\src\Qorpe.Hub.Domain\Qorpe.Hub.Domain.csproj", "{4DE537FA-9F91-418A-B7D3-C12C8CC73D7F}"
EndProject
Project("{2150E333-8FDC-42A3-9474-1A3956D46DE8}") = "tests", "tests", "{D2667D59-252B-44B5-A280-BABBF6C8E342}"
EndProject
Project("{FAE04EC0-301F-11D3-BF4B-00C04F79EFBC}") = "Qorpe.Gate.Domain", "apps\gate\src\Qorpe.Gate.Domain\Qorpe.Gate.Domain.csproj", "{807B53D3-B676-4A02-B911-0D19944A236F}"
EndProject
Project("{FAE04EC0-301F-11D3-BF4B-00C04F79EFBC}") = "Qorpe.Scheduler.Domain", "apps\scheduler\src\Qorpe.Scheduler.Domain\Qorpe.Scheduler.Domain.csproj", "{73A1D7D3-7515-44A7-AEBE-0FE63759FFD1}"
EndProject
Project("{2150E333-8FDC-42A3-9474-1A3956D46DE8}") = "tests", "tests", "{515940DD-C9A9-4B2C-BA84-CFC7BA0DD306}"
EndProject
Project("{2150E333-8FDC-42A3-9474-1A3956D46DE8}") = "tests", "tests", "{1BBF6AD0-2B52-47BF-843B-E2EF9EE73FE5}"
EndProject
Project("{2150E333-8FDC-42A3-9474-1A3956D46DE8}") = "tests", "tests", "{BA6939A3-8BB2-407A-82F2-6C20477C7D8B}"
EndProject
Project("{2150E333-8FDC-42A3-9474-1A3956D46DE8}") = "tests", "tests", "{70F39940-0E0F-46F6-A046-46DAE0914B53}"
EndProject
Project("{FAE04EC0-301F-11D3-BF4B-00C04F79EFBC}") = "Qorpe.BuildingBlocks", "libs\building-blocks\Qorpe.BuildingBlocks\Qorpe.BuildingBlocks.csproj", "{344A4379-C7B1-4200-43F1-823AF9BB94F3}"
EndProject
Project("{FAE04EC0-301F-11D3-BF4B-00C04F79EFBC}") = "Qorpe.Hub.SDK", "libs\sdk\Qorpe.Hub.SDK\Qorpe.Hub.SDK.csproj", "{6B68A132-91AA-F24F-4757-675729C50082}"
EndProject
Project("{2150E333-8FDC-42A3-9474-1A3956D46DE8}") = "lex", "lex", "{9B3517B8-A9B5-4669-A1F5-C2B1CB4B121E}"
EndProject
Project("{2150E333-8FDC-42A3-9474-1A3956D46DE8}") = "src", "src", "{ADD1CE89-7B4B-40FC-9BDC-6C2890AF8C0F}"
EndProject
Project("{2150E333-8FDC-42A3-9474-1A3956D46DE8}") = "tests", "tests", "{AF690CD1-A3A8-4F84-9381-39DFB92D830A}"
EndProject
Project("{FAE04EC0-301F-11D3-BF4B-00C04F79EFBC}") = "Qorpe.Lex.Domain", "apps\lex\src\Qorpe.Lex.Domain\Qorpe.Lex.Domain.csproj", "{61CECF67-C17D-4AE1-A962-4075EC951D27}"
EndProject
Project("{FAE04EC0-301F-11D3-BF4B-00C04F79EFBC}") = "Qorpe.Lex.Infrastructure", "apps\lex\src\Qorpe.Lex.Infrastructure\Qorpe.Lex.Infrastructure.csproj", "{0DBAE46A-135E-4B05-9383-0D3F9ADF5B3A}"
EndProject
Project("{FAE04EC0-301F-11D3-BF4B-00C04F79EFBC}") = "Qorpe.Lex.Application", "apps\lex\src\Qorpe.Lex.Application\Qorpe.Lex.Application.csproj", "{B49EF879-FC9C-4802-9318-24ABDBBF90C1}"
EndProject
Project("{FAE04EC0-301F-11D3-BF4B-00C04F79EFBC}") = "Qorpe.Lex.Contracts", "apps\lex\src\Qorpe.Lex.Contracts\Qorpe.Lex.Contracts.csproj", "{A4FD17E0-9D0C-455C-9640-B0B569EB1FCF}"
EndProject
Project("{FAE04EC0-301F-11D3-BF4B-00C04F79EFBC}") = "Qorpe.Lex.Host", "apps\lex\src\Qorpe.Lex.Host\Qorpe.Lex.Host.csproj", "{8F5F8BC1-D9EA-F441-6BD7-57C216588298}"
EndProject
Global
	GlobalSection(SolutionConfigurationPlatforms) = preSolution
		Debug|Any CPU = Debug|Any CPU
		Release|Any CPU = Release|Any CPU
	EndGlobalSection
	GlobalSection(ProjectConfigurationPlatforms) = postSolution
		{86627F4E-97C9-480D-BEBF-B89B7DBFBF85}.Debug|Any CPU.ActiveCfg = Debug|Any CPU
		{86627F4E-97C9-480D-BEBF-B89B7DBFBF85}.Debug|Any CPU.Build.0 = Debug|Any CPU
		{86627F4E-97C9-480D-BEBF-B89B7DBFBF85}.Release|Any CPU.ActiveCfg = Release|Any CPU
		{86627F4E-97C9-480D-BEBF-B89B7DBFBF85}.Release|Any CPU.Build.0 = Release|Any CPU
		{4AEEEE2A-20EB-4A38-9D14-0220A34CB3A1}.Debug|Any CPU.ActiveCfg = Debug|Any CPU
		{4AEEEE2A-20EB-4A38-9D14-0220A34CB3A1}.Debug|Any CPU.Build.0 = Debug|Any CPU
		{4AEEEE2A-20EB-4A38-9D14-0220A34CB3A1}.Release|Any CPU.ActiveCfg = Release|Any CPU
		{4AEEEE2A-20EB-4A38-9D14-0220A34CB3A1}.Release|Any CPU.Build.0 = Release|Any CPU
		{506FD5D5-54AE-4E37-A8F1-0E533A51FA70}.Debug|Any CPU.ActiveCfg = Debug|Any CPU
		{506FD5D5-54AE-4E37-A8F1-0E533A51FA70}.Debug|Any CPU.Build.0 = Debug|Any CPU
		{506FD5D5-54AE-4E37-A8F1-0E533A51FA70}.Release|Any CPU.ActiveCfg = Release|Any CPU
		{506FD5D5-54AE-4E37-A8F1-0E533A51FA70}.Release|Any CPU.Build.0 = Release|Any CPU
		{AE8BDF2F-53B1-4C5D-BE81-0EE34F287A7D}.Debug|Any CPU.ActiveCfg = Debug|Any CPU
		{AE8BDF2F-53B1-4C5D-BE81-0EE34F287A7D}.Debug|Any CPU.Build.0 = Debug|Any CPU
		{AE8BDF2F-53B1-4C5D-BE81-0EE34F287A7D}.Release|Any CPU.ActiveCfg = Release|Any CPU
		{AE8BDF2F-53B1-4C5D-BE81-0EE34F287A7D}.Release|Any CPU.Build.0 = Release|Any CPU
		{87ECC97D-1E1F-49E5-AC49-F05224394C08}.Debug|Any CPU.ActiveCfg = Debug|Any CPU
		{87ECC97D-1E1F-49E5-AC49-F05224394C08}.Debug|Any CPU.Build.0 = Debug|Any CPU
		{87ECC97D-1E1F-49E5-AC49-F05224394C08}.Release|Any CPU.ActiveCfg = Release|Any CPU
		{87ECC97D-1E1F-49E5-AC49-F05224394C08}.Release|Any CPU.Build.0 = Release|Any CPU
		{E9397821-36E3-46FE-A634-9D070818B2D8}.Debug|Any CPU.ActiveCfg = Debug|Any CPU
		{E9397821-36E3-46FE-A634-9D070818B2D8}.Debug|Any CPU.Build.0 = Debug|Any CPU
		{E9397821-36E3-46FE-A634-9D070818B2D8}.Release|Any CPU.ActiveCfg = Release|Any CPU
		{E9397821-36E3-46FE-A634-9D070818B2D8}.Release|Any CPU.Build.0 = Release|Any CPU
		{F96F0C78-BD2C-10D7-60B6-7A1D3CC05733}.Debug|Any CPU.ActiveCfg = Debug|Any CPU
		{F96F0C78-BD2C-10D7-60B6-7A1D3CC05733}.Debug|Any CPU.Build.0 = Debug|Any CPU
		{F96F0C78-BD2C-10D7-60B6-7A1D3CC05733}.Debug|Any CPU.Deploy.0 = Debug|Any CPU
		{F96F0C78-BD2C-10D7-60B6-7A1D3CC05733}.Release|Any CPU.ActiveCfg = Release|Any CPU
		{F96F0C78-BD2C-10D7-60B6-7A1D3CC05733}.Release|Any CPU.Build.0 = Release|Any CPU
		{F96F0C78-BD2C-10D7-60B6-7A1D3CC05733}.Release|Any CPU.Deploy.0 = Release|Any CPU
		{06C410DE-988A-4EFB-B3A6-243E4964BDB3}.Debug|Any CPU.ActiveCfg = Debug|Any CPU
		{06C410DE-988A-4EFB-B3A6-243E4964BDB3}.Debug|Any CPU.Build.0 = Debug|Any CPU
		{06C410DE-988A-4EFB-B3A6-243E4964BDB3}.Release|Any CPU.ActiveCfg = Release|Any CPU
		{06C410DE-988A-4EFB-B3A6-243E4964BDB3}.Release|Any CPU.Build.0 = Release|Any CPU
		{B52CD17A-3B5E-4E5C-9599-F9E3D711473A}.Debug|Any CPU.ActiveCfg = Debug|Any CPU
		{B52CD17A-3B5E-4E5C-9599-F9E3D711473A}.Debug|Any CPU.Build.0 = Debug|Any CPU
		{B52CD17A-3B5E-4E5C-9599-F9E3D711473A}.Release|Any CPU.ActiveCfg = Release|Any CPU
		{B52CD17A-3B5E-4E5C-9599-F9E3D711473A}.Release|Any CPU.Build.0 = Release|Any CPU
		{AA4FA5F7-2340-48CE-A5EE-0454460B4BD8}.Debug|Any CPU.ActiveCfg = Debug|Any CPU
		{AA4FA5F7-2340-48CE-A5EE-0454460B4BD8}.Debug|Any CPU.Build.0 = Debug|Any CPU
		{AA4FA5F7-2340-48CE-A5EE-0454460B4BD8}.Release|Any CPU.ActiveCfg = Release|Any CPU
		{AA4FA5F7-2340-48CE-A5EE-0454460B4BD8}.Release|Any CPU.Build.0 = Release|Any CPU
		{4A9F62E1-8269-4B6A-81FA-B1BC404C53F4}.Debug|Any CPU.ActiveCfg = Debug|Any CPU
		{4A9F62E1-8269-4B6A-81FA-B1BC404C53F4}.Debug|Any CPU.Build.0 = Debug|Any CPU
		{4A9F62E1-8269-4B6A-81FA-B1BC404C53F4}.Release|Any CPU.ActiveCfg = Release|Any CPU
		{4A9F62E1-8269-4B6A-81FA-B1BC404C53F4}.Release|Any CPU.Build.0 = Release|Any CPU
		{3AA23EC8-7C3A-437A-86D5-41993956A2F8}.Debug|Any CPU.ActiveCfg = Debug|Any CPU
		{3AA23EC8-7C3A-437A-86D5-41993956A2F8}.Debug|Any CPU.Build.0 = Debug|Any CPU
		{3AA23EC8-7C3A-437A-86D5-41993956A2F8}.Release|Any CPU.ActiveCfg = Release|Any CPU
		{3AA23EC8-7C3A-437A-86D5-41993956A2F8}.Release|Any CPU.Build.0 = Release|Any CPU
		{42157735-431B-4F99-8286-99CE4EC727ED}.Debug|Any CPU.ActiveCfg = Debug|Any CPU
		{42157735-431B-4F99-8286-99CE4EC727ED}.Debug|Any CPU.Build.0 = Debug|Any CPU
		{42157735-431B-4F99-8286-99CE4EC727ED}.Release|Any CPU.ActiveCfg = Release|Any CPU
		{42157735-431B-4F99-8286-99CE4EC727ED}.Release|Any CPU.Build.0 = Release|Any CPU
		{A763F817-FC82-4CFC-A2A0-A8F9ADC19B5B}.Debug|Any CPU.ActiveCfg = Debug|Any CPU
		{A763F817-FC82-4CFC-A2A0-A8F9ADC19B5B}.Debug|Any CPU.Build.0 = Debug|Any CPU
		{A763F817-FC82-4CFC-A2A0-A8F9ADC19B5B}.Release|Any CPU.ActiveCfg = Release|Any CPU
		{A763F817-FC82-4CFC-A2A0-A8F9ADC19B5B}.Release|Any CPU.Build.0 = Release|Any CPU
		{4FE71B07-4951-40D6-9FD2-161993DC6D8B}.Debug|Any CPU.ActiveCfg = Debug|Any CPU
		{4FE71B07-4951-40D6-9FD2-161993DC6D8B}.Debug|Any CPU.Build.0 = Debug|Any CPU
		{4FE71B07-4951-40D6-9FD2-161993DC6D8B}.Release|Any CPU.ActiveCfg = Release|Any CPU
		{4FE71B07-4951-40D6-9FD2-161993DC6D8B}.Release|Any CPU.Build.0 = Release|Any CPU
		{4DE537FA-9F91-418A-B7D3-C12C8CC73D7F}.Debug|Any CPU.ActiveCfg = Debug|Any CPU
		{4DE537FA-9F91-418A-B7D3-C12C8CC73D7F}.Debug|Any CPU.Build.0 = Debug|Any CPU
		{4DE537FA-9F91-418A-B7D3-C12C8CC73D7F}.Release|Any CPU.ActiveCfg = Release|Any CPU
		{4DE537FA-9F91-418A-B7D3-C12C8CC73D7F}.Release|Any CPU.Build.0 = Release|Any CPU
		{807B53D3-B676-4A02-B911-0D19944A236F}.Debug|Any CPU.ActiveCfg = Debug|Any CPU
		{807B53D3-B676-4A02-B911-0D19944A236F}.Debug|Any CPU.Build.0 = Debug|Any CPU
		{807B53D3-B676-4A02-B911-0D19944A236F}.Release|Any CPU.ActiveCfg = Release|Any CPU
		{807B53D3-B676-4A02-B911-0D19944A236F}.Release|Any CPU.Build.0 = Release|Any CPU
		{73A1D7D3-7515-44A7-AEBE-0FE63759FFD1}.Debug|Any CPU.ActiveCfg = Debug|Any CPU
		{73A1D7D3-7515-44A7-AEBE-0FE63759FFD1}.Debug|Any CPU.Build.0 = Debug|Any CPU
		{73A1D7D3-7515-44A7-AEBE-0FE63759FFD1}.Release|Any CPU.ActiveCfg = Release|Any CPU
		{73A1D7D3-7515-44A7-AEBE-0FE63759FFD1}.Release|Any CPU.Build.0 = Release|Any CPU
		{344A4379-C7B1-4200-43F1-823AF9BB94F3}.Debug|Any CPU.ActiveCfg = Debug|Any CPU
		{344A4379-C7B1-4200-43F1-823AF9BB94F3}.Debug|Any CPU.Build.0 = Debug|Any CPU
		{344A4379-C7B1-4200-43F1-823AF9BB94F3}.Release|Any CPU.ActiveCfg = Release|Any CPU
		{344A4379-C7B1-4200-43F1-823AF9BB94F3}.Release|Any CPU.Build.0 = Release|Any CPU
		{6B68A132-91AA-F24F-4757-675729C50082}.Debug|Any CPU.ActiveCfg = Debug|Any CPU
		{6B68A132-91AA-F24F-4757-675729C50082}.Debug|Any CPU.Build.0 = Debug|Any CPU
		{6B68A132-91AA-F24F-4757-675729C50082}.Release|Any CPU.ActiveCfg = Release|Any CPU
		{6B68A132-91AA-F24F-4757-675729C50082}.Release|Any CPU.Build.0 = Release|Any CPU
		{61CECF67-C17D-4AE1-A962-4075EC951D27}.Debug|Any CPU.ActiveCfg = Debug|Any CPU
		{61CECF67-C17D-4AE1-A962-4075EC951D27}.Debug|Any CPU.Build.0 = Debug|Any CPU
		{61CECF67-C17D-4AE1-A962-4075EC951D27}.Release|Any CPU.ActiveCfg = Release|Any CPU
		{61CECF67-C17D-4AE1-A962-4075EC951D27}.Release|Any CPU.Build.0 = Release|Any CPU
		{0DBAE46A-135E-4B05-9383-0D3F9ADF5B3A}.Debug|Any CPU.ActiveCfg = Debug|Any CPU
		{0DBAE46A-135E-4B05-9383-0D3F9ADF5B3A}.Debug|Any CPU.Build.0 = Debug|Any CPU
		{0DBAE46A-135E-4B05-9383-0D3F9ADF5B3A}.Release|Any CPU.ActiveCfg = Release|Any CPU
		{0DBAE46A-135E-4B05-9383-0D3F9ADF5B3A}.Release|Any CPU.Build.0 = Release|Any CPU
		{B49EF879-FC9C-4802-9318-24ABDBBF90C1}.Debug|Any CPU.ActiveCfg = Debug|Any CPU
		{B49EF879-FC9C-4802-9318-24ABDBBF90C1}.Debug|Any CPU.Build.0 = Debug|Any CPU
		{B49EF879-FC9C-4802-9318-24ABDBBF90C1}.Release|Any CPU.ActiveCfg = Release|Any CPU
		{B49EF879-FC9C-4802-9318-24ABDBBF90C1}.Release|Any CPU.Build.0 = Release|Any CPU
		{A4FD17E0-9D0C-455C-9640-B0B569EB1FCF}.Debug|Any CPU.ActiveCfg = Debug|Any CPU
		{A4FD17E0-9D0C-455C-9640-B0B569EB1FCF}.Debug|Any CPU.Build.0 = Debug|Any CPU
		{A4FD17E0-9D0C-455C-9640-B0B569EB1FCF}.Release|Any CPU.ActiveCfg = Release|Any CPU
		{A4FD17E0-9D0C-455C-9640-B0B569EB1FCF}.Release|Any CPU.Build.0 = Release|Any CPU
		{8F5F8BC1-D9EA-F441-6BD7-57C216588298}.Debug|Any CPU.ActiveCfg = Debug|Any CPU
		{8F5F8BC1-D9EA-F441-6BD7-57C216588298}.Debug|Any CPU.Build.0 = Debug|Any CPU
		{8F5F8BC1-D9EA-F441-6BD7-57C216588298}.Release|Any CPU.ActiveCfg = Release|Any CPU
		{8F5F8BC1-D9EA-F441-6BD7-57C216588298}.Release|Any CPU.Build.0 = Release|Any CPU
	EndGlobalSection
	GlobalSection(SolutionProperties) = preSolution
		HideSolutionNode = FALSE
	EndGlobalSection
	GlobalSection(NestedProjects) = preSolution
		{E635B320-C124-452E-9647-92BCDBC8B0B6} = {4E0FA779-3657-45C9-8930-E3303C985ED0}
		{6C74BC71-BE15-40D8-9F4A-5344CEC99045} = {4E0FA779-3657-45C9-8930-E3303C985ED0}
		{EC70C9E4-D96F-4E98-82EF-AA523ED982B7} = {4E0FA779-3657-45C9-8930-E3303C985ED0}
		{BC449791-41E8-438C-A3A0-CB4ED3626DEB} = {4E0FA779-3657-45C9-8930-E3303C985ED0}
		{E94B0D5E-1B12-4A21-9781-6FCB000E6F62} = {E635B320-C124-452E-9647-92BCDBC8B0B6}
		{D72E518E-C722-4C80-A127-31994BAE79B0} = {6C74BC71-BE15-40D8-9F4A-5344CEC99045}
		{8E34F469-9704-4804-906E-F6B76E161392} = {EC70C9E4-D96F-4E98-82EF-AA523ED982B7}
		{BAE8665B-6C51-48A6-A2E4-3A7F523A6688} = {BC449791-41E8-438C-A3A0-CB4ED3626DEB}
		{86627F4E-97C9-480D-BEBF-B89B7DBFBF85} = {E94B0D5E-1B12-4A21-9781-6FCB000E6F62}
		{4AEEEE2A-20EB-4A38-9D14-0220A34CB3A1} = {E94B0D5E-1B12-4A21-9781-6FCB000E6F62}
		{506FD5D5-54AE-4E37-A8F1-0E533A51FA70} = {E94B0D5E-1B12-4A21-9781-6FCB000E6F62}
		{AE8BDF2F-53B1-4C5D-BE81-0EE34F287A7D} = {E94B0D5E-1B12-4A21-9781-6FCB000E6F62}
		{DC646658-854B-4A1F-99F3-AA7B750939FB} = {030E4608-D11E-4E8E-A0FA-9401FE2C5A8D}
		{6053F9F3-3F7C-42B2-B223-EFD768864CE0} = {4E0FA779-3657-45C9-8930-E3303C985ED0}
		{1C62AE23-A901-4EF6-A821-21AA4D9EB60D} = {6053F9F3-3F7C-42B2-B223-EFD768864CE0}
		{87ECC97D-1E1F-49E5-AC49-F05224394C08} = {1C62AE23-A901-4EF6-A821-21AA4D9EB60D}
		{E9397821-36E3-46FE-A634-9D070818B2D8} = {1C62AE23-A901-4EF6-A821-21AA4D9EB60D}
		{B5E0AFFB-1813-4A79-BBD4-CA0A16FFEB0C} = {030E4608-D11E-4E8E-A0FA-9401FE2C5A8D}
		{F96F0C78-BD2C-10D7-60B6-7A1D3CC05733} = {4E0FA779-3657-45C9-8930-E3303C985ED0}
		{5AC2B1C2-2AB6-425A-81DB-8E1D65BFEBF7} = {4E0FA779-3657-45C9-8930-E3303C985ED0}
		{A865B545-DA10-42DC-A86D-792DAA3663D6} = {5AC2B1C2-2AB6-425A-81DB-8E1D65BFEBF7}
		{06C410DE-988A-4EFB-B3A6-243E4964BDB3} = {A865B545-DA10-42DC-A86D-792DAA3663D6}
		{B52CD17A-3B5E-4E5C-9599-F9E3D711473A} = {A865B545-DA10-42DC-A86D-792DAA3663D6}
		{AA4FA5F7-2340-48CE-A5EE-0454460B4BD8} = {A865B545-DA10-42DC-A86D-792DAA3663D6}
		{4A9F62E1-8269-4B6A-81FA-B1BC404C53F4} = {A865B545-DA10-42DC-A86D-792DAA3663D6}
		{3AA23EC8-7C3A-437A-86D5-41993956A2F8} = {D72E518E-C722-4C80-A127-31994BAE79B0}
		{42157735-431B-4F99-8286-99CE4EC727ED} = {D72E518E-C722-4C80-A127-31994BAE79B0}
		{A763F817-FC82-4CFC-A2A0-A8F9ADC19B5B} = {D72E518E-C722-4C80-A127-31994BAE79B0}
		{4FE71B07-4951-40D6-9FD2-161993DC6D8B} = {D72E518E-C722-4C80-A127-31994BAE79B0}
		{4DE537FA-9F91-418A-B7D3-C12C8CC73D7F} = {D72E518E-C722-4C80-A127-31994BAE79B0}
		{D2667D59-252B-44B5-A280-BABBF6C8E342} = {6C74BC71-BE15-40D8-9F4A-5344CEC99045}
		{807B53D3-B676-4A02-B911-0D19944A236F} = {E94B0D5E-1B12-4A21-9781-6FCB000E6F62}
		{73A1D7D3-7515-44A7-AEBE-0FE63759FFD1} = {A865B545-DA10-42DC-A86D-792DAA3663D6}
		{515940DD-C9A9-4B2C-BA84-CFC7BA0DD306} = {E635B320-C124-452E-9647-92BCDBC8B0B6}
		{1BBF6AD0-2B52-47BF-843B-E2EF9EE73FE5} = {EC70C9E4-D96F-4E98-82EF-AA523ED982B7}
		{BA6939A3-8BB2-407A-82F2-6C20477C7D8B} = {5AC2B1C2-2AB6-425A-81DB-8E1D65BFEBF7}
		{70F39940-0E0F-46F6-A046-46DAE0914B53} = {BC449791-41E8-438C-A3A0-CB4ED3626DEB}
		{344A4379-C7B1-4200-43F1-823AF9BB94F3} = {DC646658-854B-4A1F-99F3-AA7B750939FB}
		{6B68A132-91AA-F24F-4757-675729C50082} = {B5E0AFFB-1813-4A79-BBD4-CA0A16FFEB0C}
		{9B3517B8-A9B5-4669-A1F5-C2B1CB4B121E} = {4E0FA779-3657-45C9-8930-E3303C985ED0}
		{ADD1CE89-7B4B-40FC-9BDC-6C2890AF8C0F} = {9B3517B8-A9B5-4669-A1F5-C2B1CB4B121E}
		{AF690CD1-A3A8-4F84-9381-39DFB92D830A} = {9B3517B8-A9B5-4669-A1F5-C2B1CB4B121E}
		{61CECF67-C17D-4AE1-A962-4075EC951D27} = {ADD1CE89-7B4B-40FC-9BDC-6C2890AF8C0F}
		{0DBAE46A-135E-4B05-9383-0D3F9ADF5B3A} = {ADD1CE89-7B4B-40FC-9BDC-6C2890AF8C0F}
		{B49EF879-FC9C-4802-9318-24ABDBBF90C1} = {ADD1CE89-7B4B-40FC-9BDC-6C2890AF8C0F}
		{A4FD17E0-9D0C-455C-9640-B0B569EB1FCF} = {ADD1CE89-7B4B-40FC-9BDC-6C2890AF8C0F}
		{8F5F8BC1-D9EA-F441-6BD7-57C216588298} = {ADD1CE89-7B4B-40FC-9BDC-6C2890AF8C0F}
	EndGlobalSection
	GlobalSection(ExtensibilityGlobals) = postSolution
		SolutionGuid = {ADE7E577-BD25-4A52-AF8A-D1C5A1085145}
	EndGlobalSection
EndGlobal
